
Microsoft Visual Studio Solution File, Format Version 12.00
# Visual Studio 14
VisualStudioVersion = 14.0.25123.0
MinimumVisualStudioVersion = 10.0.40219.1
Project("{FAE04EC0-301F-11D3-BF4B-00C04F79EFBC}") = "buyandtrade.online", "buyandtrade.online\buyandtrade.online.csproj", "{9C759358-E33D-4E0A-837A-F7AA3AC40023}"
EndProject
Project("{FAE04EC0-301F-11D3-BF4B-00C04F79EFBC}") = "buyandtrade.online.Tests", "buyandtrade.online.Tests\buyandtrade.online.Tests.csproj", "{D62F2852-9866-4286-9F2B-CBE094FF0EA4}"
EndProject
Global
	GlobalSection(SolutionConfigurationPlatforms) = preSolution
		Debug|Any CPU = Debug|Any CPU
		Release|Any CPU = Release|Any CPU
	EndGlobalSection
	GlobalSection(ProjectConfigurationPlatforms) = postSolution
		{9C759358-E33D-4E0A-837A-F7AA3AC40023}.Debug|Any CPU.ActiveCfg = Debug|Any CPU
		{9C759358-E33D-4E0A-837A-F7AA3AC40023}.Debug|Any CPU.Build.0 = Debug|Any CPU
		{9C759358-E33D-4E0A-837A-F7AA3AC40023}.Release|Any CPU.ActiveCfg = Release|Any CPU
		{9C759358-E33D-4E0A-837A-F7AA3AC40023}.Release|Any CPU.Build.0 = Release|Any CPU
		{D62F2852-9866-4286-9F2B-CBE094FF0EA4}.Debug|Any CPU.ActiveCfg = Debug|Any CPU
		{D62F2852-9866-4286-9F2B-CBE094FF0EA4}.Debug|Any CPU.Build.0 = Debug|Any CPU
		{D62F2852-9866-4286-9F2B-CBE094FF0EA4}.Release|Any CPU.ActiveCfg = Release|Any CPU
		{D62F2852-9866-4286-9F2B-CBE094FF0EA4}.Release|Any CPU.Build.0 = Release|Any CPU
	EndGlobalSection
	GlobalSection(SolutionProperties) = preSolution
		HideSolutionNode = FALSE
	EndGlobalSection
EndGlobal
